lockfile_version: '1'
generated_at: '2026-05-28T06:06:37.145668+00:00'
apm_version: 0.14.2
dependencies:
- repo_url: vercel-labs/agent-skills
  host: github.com
  resolved_commit: 180115660cfb8a86b808f117475a01f54caf3bc5
  virtual_path: skills/react-best-practices
  is_virtual: true
  package_type: claude_skill
  deployed_files:
  - .agents/skills/react-best-practices
  - .claude/skills/react-best-practices
  content_hash: sha256:74f142d28d360d78e8bac4f239a84c87f0ced9015729bc72b5458d82ff45b015
